
Microsoft Visual Studio Solution File, Format Version 12.00
# Visual Studio Version 17
VisualStudioVersion = 17.3.32804.467
MinimumVisualStudioVersion = 10.0.40219.1
Project("{9A19103F-16F7-4668-BE54-9A1E7A4F7556}") = "UserTasks.Api", "UserTasks\UserTasks.Api.csproj", "{6758A92E-A0C8-4271-ABA1-FA4F4B55F464}"
EndProject
Project("{9A19103F-16F7-4668-BE54-9A1E7A4F7556}") = "UserTasks.Domain", "UserTasks.Infrastructure\UserTasks.Domain.csproj", "{83D81AB4-13A7-4A76-BB73-F38FA4056D63}"
EndProject
Project("{9A19103F-16F7-4668-BE54-9A1E7A4F7556}") = "UserTasks.Infrastructure", "UserTasks.Infrastructure1\UserTasks.Infrastructure.csproj", "{D5042C94-1805-4A9F-9C7F-985E66A1AD6D}"
EndProject
Global
	GlobalSection(SolutionConfigurationPlatforms) = preSolution
		Debug|Any CPU = Debug|Any CPU
		Release|Any CPU = Release|Any CPU
	EndGlobalSection
	GlobalSection(ProjectConfigurationPlatforms) = postSolution
		{6758A92E-A0C8-4271-ABA1-FA4F4B55F464}.Debug|Any CPU.ActiveCfg = Debug|Any CPU
		{6758A92E-A0C8-4271-ABA1-FA4F4B55F464}.Debug|Any CPU.Build.0 = Debug|Any CPU
		{6758A92E-A0C8-4271-ABA1-FA4F4B55F464}.Release|Any CPU.ActiveCfg = Release|Any CPU
		{6758A92E-A0C8-4271-ABA1-FA4F4B55F464}.Release|Any CPU.Build.0 = Release|Any CPU
		{83D81AB4-13A7-4A76-BB73-F38FA4056D63}.Debug|Any CPU.ActiveCfg = Debug|Any CPU
		{83D81AB4-13A7-4A76-BB73-F38FA4056D63}.Debug|Any CPU.Build.0 = Debug|Any CPU
		{83D81AB4-13A7-4A76-BB73-F38FA4056D63}.Release|Any CPU.ActiveCfg = Release|Any CPU
		{83D81AB4-13A7-4A76-BB73-F38FA4056D63}.Release|Any CPU.Build.0 = Release|Any CPU
		{D5042C94-1805-4A9F-9C7F-985E66A1AD6D}.Debug|Any CPU.ActiveCfg = Debug|Any CPU
		{D5042C94-1805-4A9F-9C7F-985E66A1AD6D}.Debug|Any CPU.Build.0 = Debug|Any CPU
		{D5042C94-1805-4A9F-9C7F-985E66A1AD6D}.Release|Any CPU.ActiveCfg = Release|Any CPU
		{D5042C94-1805-4A9F-9C7F-985E66A1AD6D}.Release|Any CPU.Build.0 = Release|Any CPU
	EndGlobalSection
	GlobalSection(SolutionProperties) = preSolution
		HideSolutionNode = FALSE
	EndGlobalSection
	GlobalSection(ExtensibilityGlobals) = postSolution
		SolutionGuid = {118DF236-4AB6-4832-A370-F3EE02FFA64E}
	EndGlobalSection
EndGlobal
